// !$*UTF8*$!
{
	archiveVersion = 1;
	classes = {
	};
	objectVersion = 55;
	objects = {

/* Begin PBXBuildFile section */
		855DC25F280BC8DD00A3128E /* AuthViewController.swift in Sources */ = {isa = PBXBuildFile; fileRef = 855DC25E280BC8DD00A3128E /* AuthViewController.swift */; };
		855DC261280BC8EC00A3128E /* WelcomeViewController.swift in Sources */ = {isa = PBXBuildFile; fileRef = 855DC260280BC8EC00A3128E /* WelcomeViewController.swift */; };
		855DC263280BC90F00A3128E /* SettingsViewController.swift in Sources */ = {isa = PBXBuildFile; fileRef = 855DC262280BC90F00A3128E /* SettingsViewController.swift */; };
		855DC265280BC91A00A3128E /* ProfileViewController.swift in Sources */ = {isa = PBXBuildFile; fileRef = 855DC264280BC91A00A3128E /* ProfileViewController.swift */; };
		855DC267280BC92B00A3128E /* PlayerViewController.swift in Sources */ = {isa = PBXBuildFile; fileRef = 855DC266280BC92B00A3128E /* PlayerViewController.swift */; };
		855DC269280BC95500A3128E /* PlayListViewController.swift in Sources */ = {isa = PBXBuildFile; fileRef = 855DC268280BC95500A3128E /* PlayListViewController.swift */; };
		855DC26B280BC97B00A3128E /* SearchResultsViewController.swift in Sources */ = {isa = PBXBuildFile; fileRef = 855DC26A280BC97B00A3128E /* SearchResultsViewController.swift */; };
		855DC26D280BC9C900A3128E /* AuthManager.swift in Sources */ = {isa = PBXBuildFile; fileRef = 855DC26C280BC9C900A3128E /* AuthManager.swift */; };
		855DC26F280BC9DB00A3128E /* APICaller.swift in Sources */ = {isa = PBXBuildFile; fileRef = 855DC26E280BC9DB00A3128E /* APICaller.swift */; };
		855DC271280BC9F000A3128E /* HapticsManager.swift in Sources */ = {isa = PBXBuildFile; fileRef = 855DC270280BC9F000A3128E /* HapticsManager.swift */; };
		855DC273280BCA6200A3128E /* Playlist.swift in Sources */ = {isa = PBXBuildFile; fileRef = 855DC272280BCA6200A3128E /* Playlist.swift */; };
		855DC275280BCA7300A3128E /* AudioTrack.swift in Sources */ = {isa = PBXBuildFile; fileRef = 855DC274280BCA7300A3128E /* AudioTrack.swift */; };
		855DC277280BCA8300A3128E /* UserProfile.swift in Sources */ = {isa = PBXBuildFile; fileRef = 855DC276280BCA8300A3128E /* UserProfile.swift */; };
		855DC279280BCA9700A3128E /* Artist.swift in Sources */ = {isa = PBXBuildFile; fileRef = 855DC278280BCA9700A3128E /* Artist.swift */; };
		85BCD9DB27FD504E008CE8EF /* AppDelegate.swift in Sources */ = {isa = PBXBuildFile; fileRef = 85BCD9DA27FD504E008CE8EF /* AppDelegate.swift */; };
		85BCD9DD27FD504E008CE8EF /* SceneDelegate.swift in Sources */ = {isa = PBXBuildFile; fileRef = 85BCD9DC27FD504E008CE8EF /* SceneDelegate.swift */; };
		85BCD9DF27FD504E008CE8EF /* HomeViewController.swift in Sources */ = {isa = PBXBuildFile; fileRef = 85BCD9DE27FD504E008CE8EF /* HomeViewController.swift */; };
		85BCD9E527FD504E008CE8EF /* Spotify.xcdatamodeld in Sources */ = {isa = PBXBuildFile; fileRef = 85BCD9E327FD504E008CE8EF /* Spotify.xcdatamodeld */; };
		85BCD9E727FD5050008CE8EF /* Assets.xcassets in Resources */ = {isa = PBXBuildFile; fileRef = 85BCD9E627FD5050008CE8EF /* Assets.xcassets */; };
		85BCD9EA27FD5050008CE8EF /* LaunchScreen.storyboard in Resources */ = {isa = PBXBuildFile; fileRef = 85BCD9E827FD5050008CE8EF /* LaunchScreen.storyboard */; };
		85C15BCD2805449B00FAEF8A /* TabBarViewController.swift in Sources */ = {isa = PBXBuildFile; fileRef = 85C15BCC2805449B00FAEF8A /* TabBarViewController.swift */; };
		85C15BCF2805452C00FAEF8A /* SearchViewController.swift in Sources */ = {isa = PBXBuildFile; fileRef = 85C15BCE2805452C00FAEF8A /* SearchViewController.swift */; };
		85C15BD12805453900FAEF8A /* LibraryViewController.swift in Sources */ = {isa = PBXBuildFile; fileRef = 85C15BD02805453900FAEF8A /* LibraryViewController.swift */; };
/* End PBXBuildFile section */

/* Begin PBXFileReference section */
		855DC25E280BC8DD00A3128E /* AuthViewController.swift */ = {isa = PBXFileReference; lastKnownFileType = sourcecode.swift; path = AuthViewController.swift; sourceTree = "<group>"; };
		855DC260280BC8EC00A3128E /* WelcomeViewController.swift */ = {isa = PBXFileReference; lastKnownFileType = sourcecode.swift; path = WelcomeViewController.swift; sourceTree = "<group>"; };
		855DC262280BC90F00A3128E /* SettingsViewController.swift */ = {isa = PBXFileReference; lastKnownFileType = sourcecode.swift; path = SettingsViewController.swift; sourceTree = "<group>"; };
		855DC264280BC91A00A3128E /* ProfileViewController.swift */ = {isa = PBXFileReference; lastKnownFileType = sourcecode.swift; path = ProfileViewController.swift; sourceTree = "<group>"; };
		855DC266280BC92B00A3128E /* PlayerViewController.swift */ = {isa = PBXFileReference; lastKnownFileType = sourcecode.swift; path = PlayerViewController.swift; sourceTree = "<group>"; };
		855DC268280BC95500A3128E /* PlayListViewController.swift */ = {isa = PBXFileReference; lastKnownFileType = sourcecode.swift; path = PlayListViewController.swift; sourceTree = "<group>"; };
		855DC26A280BC97B00A3128E /* SearchResultsViewController.swift */ = {isa = PBXFileReference; lastKnownFileType = sourcecode.swift; path = SearchResultsViewController.swift; sourceTree = "<group>"; };
		855DC26C280BC9C900A3128E /* AuthManager.swift */ = {isa = PBXFileReference; lastKnownFileType = sourcecode.swift; path = AuthManager.swift; sourceTree = "<group>"; };
		855DC26E280BC9DB00A3128E /* APICaller.swift */ = {isa = PBXFileReference; lastKnownFileType = sourcecode.swift; path = APICaller.swift; sourceTree = "<group>"; };
		855DC270280BC9F000A3128E /* HapticsManager.swift */ = {isa = PBXFileReference; lastKnownFileType = sourcecode.swift; path = HapticsManager.swift; sourceTree = "<group>"; };
		855DC272280BCA6200A3128E /* Playlist.swift */ = {isa = PBXFileReference; lastKnownFileType = sourcecode.swift; path = Playlist.swift; sourceTree = "<group>"; };
		855DC274280BCA7300A3128E /* AudioTrack.swift */ = {isa = PBXFileReference; lastKnownFileType = sourcecode.swift; path = AudioTrack.swift; sourceTree = "<group>"; };
		855DC276280BCA8300A3128E /* UserProfile.swift */ = {isa = PBXFileReference; lastKnownFileType = sourcecode.swift; path = UserProfile.swift; sourceTree = "<group>"; };
		855DC278280BCA9700A3128E /* Artist.swift */ = {isa = PBXFileReference; lastKnownFileType = sourcecode.swift; path = Artist.swift; sourceTree = "<group>"; };
		85BCD9D727FD504E008CE8EF /* Spotify.app */ = {isa = PBXFileReference; explicitFileType = wrapper.application; includeInIndex = 0; path = Spotify.app; sourceTree = BUILT_PRODUCTS_DIR; };
		85BCD9DA27FD504E008CE8EF /* AppDelegate.swift */ = {isa = PBXFileReference; lastKnownFileType = sourcecode.swift; path = AppDelegate.swift; sourceTree = "<group>"; };
		85BCD9DC27FD504E008CE8EF /* SceneDelegate.swift */ = {isa = PBXFileReference; lastKnownFileType = sourcecode.swift; path = SceneDelegate.swift; sourceTree = "<group>"; };
		85BCD9DE27FD504E008CE8EF /* HomeViewController.swift */ = {isa = PBXFileReference; lastKnownFileType = sourcecode.swift; path = HomeViewController.swift; sourceTree = "<group>"; };
		85BCD9E427FD504E008CE8EF /* Spotify.xcdatamodel */ = {isa = PBXFileReference; lastKnownFileType = wrapper.xcdatamodel; path = Spotify.xcdatamodel; sourceTree = "<group>"; };
		85BCD9E627FD5050008CE8EF /* Assets.xcassets */ = {isa = PBXFileReference; lastKnownFileType = folder.assetcatalog; path = Assets.xcassets; sourceTree = "<group>"; };
		85BCD9E927FD5050008CE8EF /* Base */ = {isa = PBXFileReference; lastKnownFileType = file.storyboard; name = Base; path = Base.lproj/LaunchScreen.storyboard; sourceTree = "<group>"; };
		85BCD9EB27FD5050008CE8EF /* Info.plist */ = {isa = PBXFileReference; lastKnownFileType = text.plist.xml; path = Info.plist; sourceTree = "<group>"; };
		85C15BCC2805449B00FAEF8A /* TabBarViewController.swift */ = {isa = PBXFileReference; lastKnownFileType = sourcecode.swift; path = TabBarViewController.swift; sourceTree = "<group>"; };
		85C15BCE2805452C00FAEF8A /* SearchViewController.swift */ = {isa = PBXFileReference; lastKnownFileType = sourcecode.swift; path = SearchViewController.swift; sourceTree = "<group>"; };
		85C15BD02805453900FAEF8A /* LibraryViewController.swift */ = {isa = PBXFileReference; lastKnownFileType = sourcecode.swift; path = LibraryViewController.swift; sourceTree = "<group>"; };
/* End PBXFileReference section */

/* Begin PBXFrameworksBuildPhase section */
		85BCD9D427FD504E008CE8EF /* Frameworks */ = {
			isa = PBXFrameworksBuildPhase;
			buildActionMask = 2147483647;
			files = (
			);
			runOnlyForDeploymentPostprocessing = 0;
		};
/* End PBXFrameworksBuildPhase section */

/* Begin PBXGroup section */
		855DC25D280BC89D00A3128E /* Other */ = {
			isa = PBXGroup;
			children = (
				855DC25E280BC8DD00A3128E /* AuthViewController.swift */,
				855DC260280BC8EC00A3128E /* WelcomeViewController.swift */,
				855DC262280BC90F00A3128E /* SettingsViewController.swift */,
				855DC264280BC91A00A3128E /* ProfileViewController.swift */,
				855DC266280BC92B00A3128E /* PlayerViewController.swift */,
				855DC268280BC95500A3128E /* PlayListViewController.swift */,
				855DC26A280BC97B00A3128E /* SearchResultsViewController.swift */,
			);
			path = Other;
			sourceTree = "<group>";
		};
		85BCD9CE27FD504E008CE8EF = {
			isa = PBXGroup;
			children = (
				85BCD9D927FD504E008CE8EF /* Spotify */,
				85BCD9D827FD504E008CE8EF /* Products */,
			);
			sourceTree = "<group>";
		};
		85BCD9D827FD504E008CE8EF /* Products */ = {
			isa = PBXGroup;
			children = (
				85BCD9D727FD504E008CE8EF /* Spotify.app */,
			);
			name = Products;
			sourceTree = "<group>";
		};
		85BCD9D927FD504E008CE8EF /* Spotify */ = {
			isa = PBXGroup;
			children = (
				85C15BCB2805400A00FAEF8A /* Resources */,
				85C15BCA28053FE000FAEF8A /* Managers */,
				85C15BC928053FCE00FAEF8A /* ViewModels */,
				85C15BC728053F9D00FAEF8A /* Models */,
				85C15BC828053FAC00FAEF8A /* View */,
				85C15BC628053F7F00FAEF8A /* Controllers */,
				85BCD9EB27FD5050008CE8EF /* Info.plist */,
				85BCD9E327FD504E008CE8EF /* Spotify.xcdatamodeld */,
			);
			path = Spotify;
			sourceTree = "<group>";
		};
		85C15BC628053F7F00FAEF8A /* Controllers */ = {
			isa = PBXGroup;
			children = (
				855DC25D280BC89D00A3128E /* Other */,
				85C15BD22805454600FAEF8A /* Core */,
			);
			path = Controllers;
			sourceTree = "<group>";
		};
		85C15BC728053F9D00FAEF8A /* Models */ = {
			isa = PBXGroup;
			children = (
				855DC272280BCA6200A3128E /* Playlist.swift */,
				855DC274280BCA7300A3128E /* AudioTrack.swift */,
				855DC276280BCA8300A3128E /* UserProfile.swift */,
				855DC278280BCA9700A3128E /* Artist.swift */,
			);
			path = Models;
			sourceTree = "<group>";
		};
		85C15BC828053FAC00FAEF8A /* View */ = {
			isa = PBXGroup;
			children = (
				85BCD9E827FD5050008CE8EF /* LaunchScreen.storyboard */,
			);
			path = View;
			sourceTree = "<group>";
		};
		85C15BC928053FCE00FAEF8A /* ViewModels */ = {
			isa = PBXGroup;
			children = (
			);
			path = ViewModels;
			sourceTree = "<group>";
		};
		85C15BCA28053FE000FAEF8A /* Managers */ = {
			isa = PBXGroup;
			children = (
				855DC26C280BC9C900A3128E /* AuthManager.swift */,
				855DC26E280BC9DB00A3128E /* APICaller.swift */,
				855DC270280BC9F000A3128E /* HapticsManager.swift */,
			);
			path = Managers;
			sourceTree = "<group>";
		};
		85C15BCB2805400A00FAEF8A /* Resources */ = {
			isa = PBXGroup;
			children = (
				85BCD9DA27FD504E008CE8EF /* AppDelegate.swift */,
				85BCD9DC27FD504E008CE8EF /* SceneDelegate.swift */,
				85BCD9E627FD5050008CE8EF /* Assets.xcassets */,
			);
			path = Resources;
			sourceTree = "<group>";
		};
		85C15BD22805454600FAEF8A /* Core */ = {
			isa = PBXGroup;
			children = (
				85C15BCC2805449B00FAEF8A /* TabBarViewController.swift */,
				85BCD9DE27FD504E008CE8EF /* HomeViewController.swift */,
				85C15BCE2805452C00FAEF8A /* SearchViewController.swift */,
				85C15BD02805453900FAEF8A /* LibraryViewController.swift */,
			);
			path = Core;
			sourceTree = "<group>";
		};
/* End PBXGroup section */

/* Begin PBXNativeTarget section */
		85BCD9D627FD504E008CE8EF /* Spotify */ = {
			isa = PBXNativeTarget;
			buildConfigurationList = 85BCD9EE27FD5050008CE8EF /* Build configuration list for PBXNativeTarget "Spotify" */;
			buildPhases = (
				85BCD9D327FD504E008CE8EF /* Sources */,
				85BCD9D427FD504E008CE8EF /* Frameworks */,
				85BCD9D527FD504E008CE8EF /* Resources */,
			);
			buildRules = (
			);
			dependencies = (
			);
			name = Spotify;
			productName = Spotify;
			productReference = 85BCD9D727FD504E008CE8EF /* Spotify.app */;
			productType = "com.apple.product-type.application";
		};
/* End PBXNativeTarget section */

/* Begin PBXProject section */
		85BCD9CF27FD504E008CE8EF /* Project object */ = {
			isa = PBXProject;
			attributes = {
				BuildIndependentTargetsInParallel = 1;
				LastSwiftUpdateCheck = 1320;
				LastUpgradeCheck = 1320;
				TargetAttributes = {
					85BCD9D627FD504E008CE8EF = {
						CreatedOnToolsVersion = 13.2.1;
					};
				};
			};
			buildConfigurationList = 85BCD9D227FD504E008CE8EF /* Build configuration list for PBXProject "Spotify" */;
			compatibilityVersion = "Xcode 13.0";
			developmentRegion = en;
			hasScannedForEncodings = 0;
			knownRegions = (
				en,
				Base,
			);
			mainGroup = 85BCD9CE27FD504E008CE8EF;
			productRefGroup = 85BCD9D827FD504E008CE8EF /* Products */;
			projectDirPath = "";
			projectRoot = "";
			targets = (
				85BCD9D627FD504E008CE8EF /* Spotify */,
			);
		};
/* End PBXProject section */

/* Begin PBXResourcesBuildPhase section */
		85BCD9D527FD504E008CE8EF /* Resources */ = {
			isa = PBXResourcesBuildPhase;
			buildActionMask = 2147483647;
			files = (
				85BCD9EA27FD5050008CE8EF /* LaunchScreen.storyboard in Resources */,
				85BCD9E727FD5050008CE8EF /* Assets.xcassets in Resources */,
			);
			runOnlyForDeploymentPostprocessing = 0;
		};
/* End PBXResourcesBuildPhase section */

/* Begin PBXSourcesBuildPhase section */
		85BCD9D327FD504E008CE8EF /* Sources */ = {
			isa = PBXSourcesBuildPhase;
			buildActionMask = 2147483647;
			files = (
				855DC261280BC8EC00A3128E /* WelcomeViewController.swift in Sources */,
				855DC275280BCA7300A3128E /* AudioTrack.swift in Sources */,
				85C15BCF2805452C00FAEF8A /* SearchViewController.swift in Sources */,
				855DC271280BC9F000A3128E /* HapticsManager.swift in Sources */,
				85BCD9DF27FD504E008CE8EF /* HomeViewController.swift in Sources */,
				855DC263280BC90F00A3128E /* SettingsViewController.swift in Sources */,
				855DC279280BCA9700A3128E /* Artist.swift in Sources */,
				855DC26D280BC9C900A3128E /* AuthManager.swift in Sources */,
				85BCD9DB27FD504E008CE8EF /* AppDelegate.swift in Sources */,
				855DC26B280BC97B00A3128E /* SearchResultsViewController.swift in Sources */,
				855DC26F280BC9DB00A3128E /* APICaller.swift in Sources */,
				855DC267280BC92B00A3128E /* PlayerViewController.swift in Sources */,
				85BCD9E527FD504E008CE8EF /* Spotify.xcdatamodeld in Sources */,
				855DC277280BCA8300A3128E /* UserProfile.swift in Sources */,
				855DC273280BCA6200A3128E /* Playlist.swift in Sources */,
				855DC265280BC91A00A3128E /* ProfileViewController.swift in Sources */,
				855DC25F280BC8DD00A3128E /* AuthViewController.swift in Sources */,
				85C15BD12805453900FAEF8A /* LibraryViewController.swift in Sources */,
				85C15BCD2805449B00FAEF8A /* TabBarViewController.swift in Sources */,
				855DC269280BC95500A3128E /* PlayListViewController.swift in Sources */,
				85BCD9DD27FD504E008CE8EF /* SceneDelegate.swift in Sources */,
			);
			runOnlyForDeploymentPostprocessing = 0;
		};
/* End PBXSourcesBuildPhase section */

/* Begin PBXVariantGroup section */
		85BCD9E827FD5050008CE8EF /* LaunchScreen.storyboard */ = {
			isa = PBXVariantGroup;
			children = (
				85BCD9E927FD5050008CE8EF /* Base */,
			);
			name = LaunchScreen.storyboard;
			sourceTree = "<group>";
		};
/* End PBXVariantGroup section */

/* Begin XCBuildConfiguration section */
		85BCD9EC27FD5050008CE8EF /* Debug */ = {
			isa = XCBuildConfiguration;
			buildSettings = {
				ALWAYS_SEARCH_USER_PATHS = NO;
				CLANG_ANALYZER_NONNULL = YES;
				CLANG_ANALYZER_NUMBER_OBJECT_CONVERSION = YES_AGGRESSIVE;
				CLANG_CXX_LANGUAGE_STANDARD = "gnu++17";
				CLANG_CXX_LIBRARY = "libc++";
				CLANG_ENABLE_MODULES = YES;
				CLANG_ENABLE_OBJC_ARC = YES;
				CLANG_ENABLE_OBJC_WEAK = YES;
				CLANG_WARN_BLOCK_CAPTURE_AUTORELEASING = YES;
				CLANG_WARN_BOOL_CONVERSION = YES;
				CLANG_WARN_COMMA = YES;
				CLANG_WARN_CONSTANT_CONVERSION = YES;
				CLANG_WARN_DEPRECATED_OBJC_IMPLEMENTATIONS = YES;
				CLANG_WARN_DIRECT_OBJC_ISA_USAGE = YES_ERROR;
				CLANG_WARN_DOCUMENTATION_COMMENTS = YES;
				CLANG_WARN_EMPTY_BODY = YES;
				CLANG_WARN_ENUM_CONVERSION = YES;
				CLANG_WARN_INFINITE_RECURSION = YES;
				CLANG_WARN_INT_CONVERSION = YES;
				CLANG_WARN_NON_LITERAL_NULL_CONVERSION = YES;
				CLANG_WARN_OBJC_IMPLICIT_RETAIN_SELF = YES;
				CLANG_WARN_OBJC_LITERAL_CONVERSION = YES;
				CLANG_WARN_OBJC_ROOT_CLASS = YES_ERROR;
				CLANG_WARN_QUOTED_INCLUDE_IN_FRAMEWORK_HEADER = YES;
				CLANG_WARN_RANGE_LOOP_ANALYSIS = YES;
				CLANG_WARN_STRICT_PROTOTYPES = YES;
				CLANG_WARN_SUSPICIOUS_MOVE = YES;
				CLANG_WARN_UNGUARDED_AVAILABILITY = YES_AGGRESSIVE;
				CLANG_WARN_UNREACHABLE_CODE = YES;
				CLANG_WARN__DUPLICATE_METHOD_MATCH = YES;
				COPY_PHASE_STRIP = NO;
				DEBUG_INFORMATION_FORMAT = dwarf;
				ENABLE_STRICT_OBJC_MSGSEND = YES;
				ENABLE_TESTABILITY = YES;
				GCC_C_LANGUAGE_STANDARD = gnu11;
				GCC_DYNAMIC_NO_PIC = NO;
				GCC_NO_COMMON_BLOCKS = YES;
				GCC_OPTIMIZATION_LEVEL = 0;
				GCC_PREPROCESSOR_DEFINITIONS = (
					"DEBUG=1",
					"$(inherited)",
				);
				GCC_WARN_64_TO_32_BIT_CONVERSION = YES;
				GCC_WARN_ABOUT_RETURN_TYPE = YES_ERROR;
				GCC_WARN_UNDECLARED_SELECTOR = YES;
				GCC_WARN_UNINITIALIZED_AUTOS = YES_AGGRESSIVE;
				GCC_WARN_UNUSED_FUNCTION = YES;
				GCC_WARN_UNUSED_VARIABLE = YES;
				IPHONEOS_DEPLOYMENT_TARGET = 15.2;
				MTL_ENABLE_DEBUG_INFO = INCLUDE_SOURCE;
				MTL_FAST_MATH = YES;
				ONLY_ACTIVE_ARCH = YES;
				SDKROOT = iphoneos;
				SWIFT_ACTIVE_COMPILATION_CONDITIONS = DEBUG;
				SWIFT_OPTIMIZATION_LEVEL = "-Onone";
			};
			name = Debug;
		};
		85BCD9ED27FD5050008CE8EF /* Release */ = {
			isa = XCBuildConfiguration;
			buildSettings = {
				ALWAYS_SEARCH_USER_PATHS = NO;
				CLANG_ANALYZER_NONNULL = YES;
				CLANG_ANALYZER_NUMBER_OBJECT_CONVERSION = YES_AGGRESSIVE;
				CLANG_CXX_LANGUAGE_STANDARD = "gnu++17";
				CLANG_CXX_LIBRARY = "libc++";
				CLANG_ENABLE_MODULES = YES;
				CLANG_ENABLE_OBJC_ARC = YES;
				CLANG_ENABLE_OBJC_WEAK = YES;
				CLANG_WARN_BLOCK_CAPTURE_AUTORELEASING = YES;
				CLANG_WARN_BOOL_CONVERSION = YES;
				CLANG_WARN_COMMA = YES;
				CLANG_WARN_CONSTANT_CONVERSION = YES;
				CLANG_WARN_DEPRECATED_OBJC_IMPLEMENTATIONS = YES;
				CLANG_WARN_DIRECT_OBJC_ISA_USAGE = YES_ERROR;
				CLANG_WARN_DOCUMENTATION_COMMENTS = YES;
				CLANG_WARN_EMPTY_BODY = YES;
				CLANG_WARN_ENUM_CONVERSION = YES;
				CLANG_WARN_INFINITE_RECURSION = YES;
				CLANG_WARN_INT_CONVERSION = YES;
				CLANG_WARN_NON_LITERAL_NULL_CONVERSION = YES;
				CLANG_WARN_OBJC_IMPLICIT_RETAIN_SELF = YES;
				CLANG_WARN_OBJC_LITERAL_CONVERSION = YES;
				CLANG_WARN_OBJC_ROOT_CLASS = YES_ERROR;
				CLANG_WARN_QUOTED_INCLUDE_IN_FRAMEWORK_HEADER = YES;
				CLANG_WARN_RANGE_LOOP_ANALYSIS = YES;
				CLANG_WARN_STRICT_PROTOTYPES = YES;
				CLANG_WARN_SUSPICIOUS_MOVE = YES;
				CLANG_WARN_UNGUARDED_AVAILABILITY = YES_AGGRESSIVE;
				CLANG_WARN_UNREACHABLE_CODE = YES;
				CLANG_WARN__DUPLICATE_METHOD_MATCH = YES;
				COPY_PHASE_STRIP = NO;
				DEBUG_INFORMATION_FORMAT = "dwarf-with-dsym";
				ENABLE_NS_ASSERTIONS = NO;
				ENABLE_STRICT_OBJC_MSGSEND = YES;
				GCC_C_LANGUAGE_STANDARD = gnu11;
				GCC_NO_COMMON_BLOCKS = YES;
				GCC_WARN_64_TO_32_BIT_CONVERSION = YES;
				GCC_WARN_ABOUT_RETURN_TYPE = YES_ERROR;
				GCC_WARN_UNDECLARED_SELECTOR = YES;
				GCC_WARN_UNINITIALIZED_AUTOS = YES_AGGRESSIVE;
				GCC_WARN_UNUSED_FUNCTION = YES;
				GCC_WARN_UNUSED_VARIABLE = YES;
				IPHONEOS_DEPLOYMENT_TARGET = 15.2;
				MTL_ENABLE_DEBUG_INFO = NO;
				MTL_FAST_MATH = YES;
				SDKROOT = iphoneos;
				SWIFT_COMPILATION_MODE = wholemodule;
				SWIFT_OPTIMIZATION_LEVEL = "-O";
				VALIDATE_PRODUCT = YES;
			};
			name = Release;
		};
		85BCD9EF27FD5050008CE8EF /* Debug */ = {
			isa = XCBuildConfiguration;
			buildSettings = {
				ASSETCATALOG_COMPILER_APPICON_NAME = AppIcon;
				ASSETCATALOG_COMPILER_GLOBAL_ACCENT_COLOR_NAME = AccentColor;
				CODE_SIGN_STYLE = Automatic;
				CURRENT_PROJECT_VERSION = 1;
				DEVELOPMENT_TEAM = D9ACXVN2BM;
				GENERATE_INFOPLIST_FILE = YES;
				INFOPLIST_FILE = Spotify/Info.plist;
				INFOPLIST_KEY_UIApplicationSupportsIndirectInputEvents = YES;
				INFOPLIST_KEY_UILaunchStoryboardName = LaunchScreen;
				INFOPLIST_KEY_UISupportedInterfaceOrientations_iPad = "UIInterfaceOrientationPortrait UIInterfaceOrientationPortraitUpsideDown UIInterfaceOrientationLandscapeLeft UIInterfaceOrientationLandscapeRight";
				INFOPLIST_KEY_UISupportedInterfaceOrientations_iPhone = "UIInterfaceOrientationPortrait UIInterfaceOrientationLandscapeLeft UIInterfaceOrientationLandscapeRight";
				LD_RUNPATH_SEARCH_PATHS = (
					"$(inherited)",
					"@executable_path/Frameworks",
				);
				MARKETING_VERSION = 1.0;
				PRODUCT_BUNDLE_IDENTIFIER = "omar-ahmed.Spotify";
				PRODUCT_NAME = "$(TARGET_NAME)";
				SWIFT_EMIT_LOC_STRINGS = YES;
				SWIFT_VERSION = 5.0;
				TARGETED_DEVICE_FAMILY = "1,2";
			};
			name = Debug;
		};
		85BCD9F027FD5050008CE8EF /* Release */ = {
			isa = XCBuildConfiguration;
			buildSettings = {
				ASSETCATALOG_COMPILER_APPICON_NAME = AppIcon;
				ASSETCATALOG_COMPILER_GLOBAL_ACCENT_COLOR_NAME = AccentColor;
				CODE_SIGN_STYLE = Automatic;
				CURRENT_PROJECT_VERSION = 1;
				DEVELOPMENT_TEAM = D9ACXVN2BM;
				GENERATE_INFOPLIST_FILE = YES;
				INFOPLIST_FILE = Spotify/Info.plist;
				INFOPLIST_KEY_UIApplicationSupportsIndirectInputEvents = YES;
				INFOPLIST_KEY_UILaunchStoryboardName = LaunchScreen;
				INFOPLIST_KEY_UISupportedInterfaceOrientations_iPad = "UIInterfaceOrientationPortrait UIInterfaceOrientationPortraitUpsideDown UIInterfaceOrientationLandscapeLeft UIInterfaceOrientationLandscapeRight";
				INFOPLIST_KEY_UISupportedInterfaceOrientations_iPhone = "UIInterfaceOrientationPortrait UIInterfaceOrientationLandscapeLeft UIInterfaceOrientationLandscapeRight";
				LD_RUNPATH_SEARCH_PATHS = (
					"$(inherited)",
					"@executable_path/Frameworks",
				);
				MARKETING_VERSION = 1.0;
				PRODUCT_BUNDLE_IDENTIFIER = "omar-ahmed.Spotify";
				PRODUCT_NAME = "$(TARGET_NAME)";
				SWIFT_EMIT_LOC_STRINGS = YES;
				SWIFT_VERSION = 5.0;
				TARGETED_DEVICE_FAMILY = "1,2";
			};
			name = Release;
		};
/* End XCBuildConfiguration section */

/* Begin XCConfigurationList section */
		85BCD9D227FD504E008CE8EF /* Build configuration list for PBXProject "Spotify" */ = {
			isa = XCConfigurationList;
			buildConfigurations = (
				85BCD9EC27FD5050008CE8EF /* Debug */,
				85BCD9ED27FD5050008CE8EF /* Release */,
			);
			defaultConfigurationIsVisible = 0;
			defaultConfigurationName = Release;
		};
		85BCD9EE27FD5050008CE8EF /* Build configuration list for PBXNativeTarget "Spotify" */ = {
			isa = XCConfigurationList;
			buildConfigurations = (
				85BCD9EF27FD5050008CE8EF /* Debug */,
				85BCD9F027FD5050008CE8EF /* Release */,
			);
			defaultConfigurationIsVisible = 0;
			defaultConfigurationName = Release;
		};
/* End XCConfigurationList section */

/* Begin XCVersionGroup section */
		85BCD9E327FD504E008CE8EF /* Spotify.xcdatamodeld */ = {
			isa = XCVersionGroup;
			children = (
				85BCD9E427FD504E008CE8EF /* Spotify.xcdatamodel */,
			);
			currentVersion = 85BCD9E427FD504E008CE8EF /* Spotify.xcdatamodel */;
			path = Spotify.xcdatamodeld;
			sourceTree = "<group>";
			versionGroupType = wrapper.xcdatamodel;
		};
/* End XCVersionGroup section */
	};
	rootObject = 85BCD9CF27FD504E008CE8EF /* Project object */;
}
